
Microsoft Visual Studio Solution File, Format Version 12.00
# Visual Studio Version 17
VisualStudioVersion = 17.0.32112.339
MinimumVisualStudioVersion = 10.0.40219.1
Project("{FAE04EC0-301F-11D3-BF4B-00C04F79EFBC}") = "LogicalProgram", "LogicalProgram\LogicalProgram.csproj", "{C6BD95C0-4A41-4C7F-A940-47F0C60CAD65}"
EndProject
Global
	GlobalSection(SolutionConfigurationPlatforms) = preSolution
		Debug|Any CPU = Debug|Any CPU
		Release|Any CPU = Release|Any CPU
	EndGlobalSection
	GlobalSection(ProjectConfigurationPlatforms) = postSolution
		{C6BD95C0-4A41-4C7F-A940-47F0C60CAD65}.Debug|Any CPU.ActiveCfg = Debug|Any CPU
		{C6BD95C0-4A41-4C7F-A940-47F0C60CAD65}.Debug|Any CPU.Build.0 = Debug|Any CPU
		{C6BD95C0-4A41-4C7F-A940-47F0C60CAD65}.Release|Any CPU.ActiveCfg = Release|Any CPU
		{C6BD95C0-4A41-4C7F-A940-47F0C60CAD65}.Release|Any CPU.Build.0 = Release|Any CPU
	EndGlobalSection
	GlobalSection(SolutionProperties) = preSolution
		HideSolutionNode = FALSE
	EndGlobalSection
	GlobalSection(ExtensibilityGlobals) = postSolution
		SolutionGuid = {9B601102-3C16-444C-AF7F-02426AE4FFAD}
	EndGlobalSection
EndGlobal
